
Microsoft Visual Studio Solution File, Format Version 12.00
# Visual Studio Version 17
VisualStudioVersion = 17.7.34024.191
MinimumVisualStudioVersion = 10.0.40219.1
Project("{FAE04EC0-301F-11D3-BF4B-00C04F79EFBC}") = "SCPReplace", "SCPReplace\SCPReplace.csproj", "{088C16B6-A538-4124-B20A-478D8AF7F032}"
EndProject
Global
	GlobalSection(SolutionConfigurationPlatforms) = preSolution
		Debug|Any CPU = Debug|Any CPU
		Release|Any CPU = Release|Any CPU
	EndGlobalSection
	GlobalSection(ProjectConfigurationPlatforms) = postSolution
		{088C16B6-A538-4124-B20A-478D8AF7F032}.Debug|Any CPU.ActiveCfg = Debug|Any CPU
		{088C16B6-A538-4124-B20A-478D8AF7F032}.Debug|Any CPU.Build.0 = Debug|Any CPU
		{088C16B6-A538-4124-B20A-478D8AF7F032}.Release|Any CPU.ActiveCfg = Release|Any CPU
		{088C16B6-A538-4124-B20A-478D8AF7F032}.Release|Any CPU.Build.0 = Release|Any CPU
	EndGlobalSection
	GlobalSection(SolutionProperties) = preSolution
		HideSolutionNode = FALSE
	EndGlobalSection
	GlobalSection(ExtensibilityGlobals) = postSolution
		SolutionGuid = {062DAA22-552A-4F66-B4D0-62589762F608}
	EndGlobalSection
EndGlobal
